// !$*UTF8*$!
{
	archiveVersion = 1;
	classes = {
	};
	objectVersion = 56;
	objects = {

/* Begin PBXBuildFile section */
		D64CC01A2B18680200A75944 /* PortifolioView.swift in Sources */ = {isa = PBXBuildFile; fileRef = D64CC0192B18680200A75944 /* PortifolioView.swift */; };
		D64CC01D2B186B3500A75944 /* XMarkButton.swift in Sources */ = {isa = PBXBuildFile; fileRef = D64CC01C2B186B3500A75944 /* XMarkButton.swift */; };
		D64CC01F2B186FD100A75944 /* CoinLogoView.swift in Sources */ = {isa = PBXBuildFile; fileRef = D64CC01E2B186FD100A75944 /* CoinLogoView.swift */; };
		D64CC02B2B18981100A75944 /* GRIDView.swift in Sources */ = {isa = PBXBuildFile; fileRef = D64CC02A2B18981100A75944 /* GRIDView.swift */; };
		D652A8D62B12730200AF2D1C /* UIApplication.swift in Sources */ = {isa = PBXBuildFile; fileRef = D652A8D52B12730200AF2D1C /* UIApplication.swift */; };
		D652A8D82B128DEC00AF2D1C /* StatisticModel.swift in Sources */ = {isa = PBXBuildFile; fileRef = D652A8D72B128DEC00AF2D1C /* StatisticModel.swift */; };
		D652A8DB2B128F5500AF2D1C /* StatisticView.swift in Sources */ = {isa = PBXBuildFile; fileRef = D652A8DA2B128F5500AF2D1C /* StatisticView.swift */; };
		D652A8DD2B1296D500AF2D1C /* HomeStatisticView.swift in Sources */ = {isa = PBXBuildFile; fileRef = D652A8DC2B1296D500AF2D1C /* HomeStatisticView.swift */; };
		D65620AB2B0DE11D00ED6C18 /* NetworkingManager.swift in Sources */ = {isa = PBXBuildFile; fileRef = D65620AA2B0DE11D00ED6C18 /* NetworkingManager.swift */; };
		D65620AE2B0DEE4B00ED6C18 /* CoinImageView.swift in Sources */ = {isa = PBXBuildFile; fileRef = D65620AD2B0DEE4B00ED6C18 /* CoinImageView.swift */; };
		D65620B02B0DF05500ED6C18 /* CoinImageService.swift in Sources */ = {isa = PBXBuildFile; fileRef = D65620AF2B0DF05500ED6C18 /* CoinImageService.swift */; };
		D65620B22B0DF38C00ED6C18 /* CoinImageViewModel.swift in Sources */ = {isa = PBXBuildFile; fileRef = D65620B12B0DF38C00ED6C18 /* CoinImageViewModel.swift */; };
		D66779892B132F4300CFB0D2 /* MarketDataModel.swift in Sources */ = {isa = PBXBuildFile; fileRef = D66779882B132F4300CFB0D2 /* MarketDataModel.swift */; };
		D667798B2B1333A800CFB0D2 /* MarketDataService.swift in Sources */ = {isa = PBXBuildFile; fileRef = D667798A2B1333A800CFB0D2 /* MarketDataService.swift */; };
		D66CD36A2B0A96450078E8DE /* HomeViewModel.swift in Sources */ = {isa = PBXBuildFile; fileRef = D66CD3692B0A96450078E8DE /* HomeViewModel.swift */; };
		D66CD36D2B0A9E080078E8DE /* CoinDataService.swift in Sources */ = {isa = PBXBuildFile; fileRef = D66CD36C2B0A9E080078E8DE /* CoinDataService.swift */; };
		D680B7E72B0F2D3D00E64AAD /* LocalFileManager.swift in Sources */ = {isa = PBXBuildFile; fileRef = D680B7E62B0F2D3D00E64AAD /* LocalFileManager.swift */; };
		D680B7EA2B0F430B00E64AAD /* SearchBarView.swift in Sources */ = {isa = PBXBuildFile; fileRef = D680B7E92B0F430B00E64AAD /* SearchBarView.swift */; };
		D68BC59D2B222C46003C3D76 /* ChartView.swift in Sources */ = {isa = PBXBuildFile; fileRef = D68BC59C2B222C46003C3D76 /* ChartView.swift */; };
		D68BC59F2B22406E003C3D76 /* Date.swift in Sources */ = {isa = PBXBuildFile; fileRef = D68BC59E2B22406E003C3D76 /* Date.swift */; };
		D68BC5A12B23143E003C3D76 /* String.swift in Sources */ = {isa = PBXBuildFile; fileRef = D68BC5A02B23143E003C3D76 /* String.swift */; };
		D68BC5A62B2333E8003C3D76 /* SettingsView.swift in Sources */ = {isa = PBXBuildFile; fileRef = D68BC5A52B2333E8003C3D76 /* SettingsView.swift */; };
		D692A4F82B1DC35800FC5AEC /* DetailsView.swift in Sources */ = {isa = PBXBuildFile; fileRef = D692A4F72B1DC35800FC5AEC /* DetailsView.swift */; };
		D692A4FA2B1DE69500FC5AEC /* CoinDetailModel.swift in Sources */ = {isa = PBXBuildFile; fileRef = D692A4F92B1DE69500FC5AEC /* CoinDetailModel.swift */; };
		D692A4FC2B1DEB0C00FC5AEC /* DetailViewModel.swift in Sources */ = {isa = PBXBuildFile; fileRef = D692A4FB2B1DEB0C00FC5AEC /* DetailViewModel.swift */; };
		D692A4FE2B1DEB8F00FC5AEC /* CoinDetailDataService.swift in Sources */ = {isa = PBXBuildFile; fileRef = D692A4FD2B1DEB8F00FC5AEC /* CoinDetailDataService.swift */; };
		D6A286E72B2835DF0008B0E1 /* LaunchScreen.storyboard in Resources */ = {isa = PBXBuildFile; fileRef = D6A286E62B2835DF0008B0E1 /* LaunchScreen.storyboard */; };
		D6A286E92B2846450008B0E1 /* LaunchView.swift in Sources */ = {isa = PBXBuildFile; fileRef = D6A286E82B2846450008B0E1 /* LaunchView.swift */; };
		D6B104112B1C894A0015ED41 /* PortifolioContainer.xcdatamodeld in Sources */ = {isa = PBXBuildFile; fileRef = D6B1040F2B1C894A0015ED41 /* PortifolioContainer.xcdatamodeld */; };
		D6B104132B1C89F50015ED41 /* PortifolioDataService.swift in Sources */ = {isa = PBXBuildFile; fileRef = D6B104122B1C89F50015ED41 /* PortifolioDataService.swift */; };
		D6DDEFF82B1CDB9300080904 /* HapticManager.swift in Sources */ = {isa = PBXBuildFile; fileRef = D6DDEFF72B1CDB9300080904 /* HapticManager.swift */; };
		D6F6CD912B0770A500E3B54A /* CryptoAppApp.swift in Sources */ = {isa = PBXBuildFile; fileRef = D6F6CD902B0770A500E3B54A /* CryptoAppApp.swift */; };
		D6F6CD932B0770A500E3B54A /* ContentView.swift in Sources */ = {isa = PBXBuildFile; fileRef = D6F6CD922B0770A500E3B54A /* ContentView.swift */; };
		D6F6CD952B0770A700E3B54A /* Assets.xcassets in Resources */ = {isa = PBXBuildFile; fileRef = D6F6CD942B0770A700E3B54A /* Assets.xcassets */; };
		D6F6CD982B0770A700E3B54A /* Preview Assets.xcassets in Resources */ = {isa = PBXBuildFile; fileRef = D6F6CD972B0770A700E3B54A /* Preview Assets.xcassets */; };
		D6F6CDA22B07931700E3B54A /* Color.swift in Sources */ = {isa = PBXBuildFile; fileRef = D6F6CDA12B07931700E3B54A /* Color.swift */; };
		D6F6CDA82B0797BE00E3B54A /* HomeView.swift in Sources */ = {isa = PBXBuildFile; fileRef = D6F6CDA72B0797BE00E3B54A /* HomeView.swift */; };
		D6F6CDAC2B07999A00E3B54A /* CircleButtonView.swift in Sources */ = {isa = PBXBuildFile; fileRef = D6F6CDAB2B07999A00E3B54A /* CircleButtonView.swift */; };
		D6F6CDAE2B079F2B00E3B54A /* CircleButtonAnimationView.swift in Sources */ = {isa = PBXBuildFile; fileRef = D6F6CDAD2B079F2B00E3B54A /* CircleButtonAnimationView.swift */; };
		D6F6CDB12B07B23900E3B54A /* CoinModel.swift in Sources */ = {isa = PBXBuildFile; fileRef = D6F6CDB02B07B23900E3B54A /* CoinModel.swift */; };
		D6F6CDB32B07C1CD00E3B54A /* CoinRowView.swift in Sources */ = {isa = PBXBuildFile; fileRef = D6F6CDB22B07C1CD00E3B54A /* CoinRowView.swift */; };
		D6F6CDB52B07C23C00E3B54A /* PreviewProvider.swift in Sources */ = {isa = PBXBuildFile; fileRef = D6F6CDB42B07C23C00E3B54A /* PreviewProvider.swift */; };
		D6F6CDB72B07D09200E3B54A /* Double.swift in Sources */ = {isa = PBXBuildFile; fileRef = D6F6CDB62B07D09200E3B54A /* Double.swift */; };
/* End PBXBuildFile section */

/* Begin PBXFileReference section */
		D64CC0192B18680200A75944 /* PortifolioView.swift */ = {isa = PBXFileReference; lastKnownFileType = sourcecode.swift; path = PortifolioView.swift; sourceTree = "<group>"; };
		D64CC01C2B186B3500A75944 /* XMarkButton.swift */ = {isa = PBXFileReference; lastKnownFileType = sourcecode.swift; path = XMarkButton.swift; sourceTree = "<group>"; };
		D64CC01E2B186FD100A75944 /* CoinLogoView.swift */ = {isa = PBXFileReference; lastKnownFileType = sourcecode.swift; path = CoinLogoView.swift; sourceTree = "<group>"; };
		D64CC02A2B18981100A75944 /* GRIDView.swift */ = {isa = PBXFileReference; lastKnownFileType = sourcecode.swift; path = GRIDView.swift; sourceTree = "<group>"; };
		D652A8D52B12730200AF2D1C /* UIApplication.swift */ = {isa = PBXFileReference; lastKnownFileType = sourcecode.swift; path = UIApplication.swift; sourceTree = "<group>"; };
		D652A8D72B128DEC00AF2D1C /* StatisticModel.swift */ = {isa = PBXFileReference; lastKnownFileType = sourcecode.swift; path = StatisticModel.swift; sourceTree = "<group>"; };
		D652A8DA2B128F5500AF2D1C /* StatisticView.swift */ = {isa = PBXFileReference; lastKnownFileType = sourcecode.swift; path = StatisticView.swift; sourceTree = "<group>"; };
		D652A8DC2B1296D500AF2D1C /* HomeStatisticView.swift */ = {isa = PBXFileReference; lastKnownFileType = sourcecode.swift; path = HomeStatisticView.swift; sourceTree = "<group>"; };
		D65620AA2B0DE11D00ED6C18 /* NetworkingManager.swift */ = {isa = PBXFileReference; lastKnownFileType = sourcecode.swift; path = NetworkingManager.swift; sourceTree = "<group>"; };
		D65620AD2B0DEE4B00ED6C18 /* CoinImageView.swift */ = {isa = PBXFileReference; lastKnownFileType = sourcecode.swift; path = CoinImageView.swift; sourceTree = "<group>"; };
		D65620AF2B0DF05500ED6C18 /* CoinImageService.swift */ = {isa = PBXFileReference; lastKnownFileType = sourcecode.swift; path = CoinImageService.swift; sourceTree = "<group>"; };
		D65620B12B0DF38C00ED6C18 /* CoinImageViewModel.swift */ = {isa = PBXFileReference; lastKnownFileType = sourcecode.swift; path = CoinImageViewModel.swift; sourceTree = "<group>"; };
		D66779882B132F4300CFB0D2 /* MarketDataModel.swift */ = {isa = PBXFileReference; lastKnownFileType = sourcecode.swift; path = MarketDataModel.swift; sourceTree = "<group>"; };
		D667798A2B1333A800CFB0D2 /* MarketDataService.swift */ = {isa = PBXFileReference; lastKnownFileType = sourcecode.swift; path = MarketDataService.swift; sourceTree = "<group>"; };
		D66CD3692B0A96450078E8DE /* HomeViewModel.swift */ = {isa = PBXFileReference; lastKnownFileType = sourcecode.swift; path = HomeViewModel.swift; sourceTree = "<group>"; };
		D66CD36C2B0A9E080078E8DE /* CoinDataService.swift */ = {isa = PBXFileReference; lastKnownFileType = sourcecode.swift; path = CoinDataService.swift; sourceTree = "<group>"; };
		D680B7E62B0F2D3D00E64AAD /* LocalFileManager.swift */ = {isa = PBXFileReference; lastKnownFileType = sourcecode.swift; path = LocalFileManager.swift; sourceTree = "<group>"; };
		D680B7E92B0F430B00E64AAD /* SearchBarView.swift */ = {isa = PBXFileReference; lastKnownFileType = sourcecode.swift; path = SearchBarView.swift; sourceTree = "<group>"; };
		D68BC59C2B222C46003C3D76 /* ChartView.swift */ = {isa = PBXFileReference; lastKnownFileType = sourcecode.swift; path = ChartView.swift; sourceTree = "<group>"; };
		D68BC59E2B22406E003C3D76 /* Date.swift */ = {isa = PBXFileReference; lastKnownFileType = sourcecode.swift; path = Date.swift; sourceTree = "<group>"; };
		D68BC5A02B23143E003C3D76 /* String.swift */ = {isa = PBXFileReference; lastKnownFileType = sourcecode.swift; path = String.swift; sourceTree = "<group>"; };
		D68BC5A52B2333E8003C3D76 /* SettingsView.swift */ = {isa = PBXFileReference; lastKnownFileType = sourcecode.swift; path = SettingsView.swift; sourceTree = "<group>"; };
		D692A4F72B1DC35800FC5AEC /* DetailsView.swift */ = {isa = PBXFileReference; lastKnownFileType = sourcecode.swift; path = DetailsView.swift; sourceTree = "<group>"; };
		D692A4F92B1DE69500FC5AEC /* CoinDetailModel.swift */ = {isa = PBXFileReference; lastKnownFileType = sourcecode.swift; path = CoinDetailModel.swift; sourceTree = "<group>"; };
		D692A4FB2B1DEB0C00FC5AEC /* DetailViewModel.swift */ = {isa = PBXFileReference; lastKnownFileType = sourcecode.swift; path = DetailViewModel.swift; sourceTree = "<group>"; };
		D692A4FD2B1DEB8F00FC5AEC /* CoinDetailDataService.swift */ = {isa = PBXFileReference; lastKnownFileType = sourcecode.swift; path = CoinDetailDataService.swift; sourceTree = "<group>"; };
		D6A286E32B2834E00008B0E1 /* Info.plist */ = {isa = PBXFileReference; lastKnownFileType = text.plist; path = Info.plist; sourceTree = "<group>"; };
		D6A286E62B2835DF0008B0E1 /* LaunchScreen.storyboard */ = {isa = PBXFileReference; lastKnownFileType = file.storyboard; path = LaunchScreen.storyboard; sourceTree = "<group>"; };
		D6A286E82B2846450008B0E1 /* LaunchView.swift */ = {isa = PBXFileReference; lastKnownFileType = sourcecode.swift; path = LaunchView.swift; sourceTree = "<group>"; };
		D6B104102B1C894A0015ED41 /* PortifolioContainer.xcdatamodel */ = {isa = PBXFileReference; lastKnownFileType = wrapper.xcdatamodel; path = PortifolioContainer.xcdatamodel; sourceTree = "<group>"; };
		D6B104122B1C89F50015ED41 /* PortifolioDataService.swift */ = {isa = PBXFileReference; lastKnownFileType = sourcecode.swift; path = PortifolioDataService.swift; sourceTree = "<group>"; };
		D6DDEFF72B1CDB9300080904 /* HapticManager.swift */ = {isa = PBXFileReference; lastKnownFileType = sourcecode.swift; path = HapticManager.swift; sourceTree = "<group>"; };
		D6F6CD8D2B0770A500E3B54A /* CryptoApp.app */ = {isa = PBXFileReference; explicitFileType = wrapper.application; includeInIndex = 0; path = CryptoApp.app; sourceTree = BUILT_PRODUCTS_DIR; };
		D6F6CD902B0770A500E3B54A /* CryptoAppApp.swift */ = {isa = PBXFileReference; lastKnownFileType = sourcecode.swift; path = CryptoAppApp.swift; sourceTree = "<group>"; };
		D6F6CD922B0770A500E3B54A /* ContentView.swift */ = {isa = PBXFileReference; lastKnownFileType = sourcecode.swift; path = ContentView.swift; sourceTree = "<group>"; };
		D6F6CD942B0770A700E3B54A /* Assets.xcassets */ = {isa = PBXFileReference; lastKnownFileType = folder.assetcatalog; path = Assets.xcassets; sourceTree = "<group>"; };
		D6F6CD972B0770A700E3B54A /* Preview Assets.xcassets */ = {isa = PBXFileReference; lastKnownFileType = folder.assetcatalog; path = "Preview Assets.xcassets"; sourceTree = "<group>"; };
		D6F6CDA12B07931700E3B54A /* Color.swift */ = {isa = PBXFileReference; lastKnownFileType = sourcecode.swift; path = Color.swift; sourceTree = "<group>"; };
		D6F6CDA72B0797BE00E3B54A /* HomeView.swift */ = {isa = PBXFileReference; lastKnownFileType = sourcecode.swift; path = HomeView.swift; sourceTree = "<group>"; };
		D6F6CDAB2B07999A00E3B54A /* CircleButtonView.swift */ = {isa = PBXFileReference; lastKnownFileType = sourcecode.swift; path = CircleButtonView.swift; sourceTree = "<group>"; };
		D6F6CDAD2B079F2B00E3B54A /* CircleButtonAnimationView.swift */ = {isa = PBXFileReference; lastKnownFileType = sourcecode.swift; path = CircleButtonAnimationView.swift; sourceTree = "<group>"; };
		D6F6CDB02B07B23900E3B54A /* CoinModel.swift */ = {isa = PBXFileReference; lastKnownFileType = sourcecode.swift; path = CoinModel.swift; sourceTree = "<group>"; };
		D6F6CDB22B07C1CD00E3B54A /* CoinRowView.swift */ = {isa = PBXFileReference; lastKnownFileType = sourcecode.swift; path = CoinRowView.swift; sourceTree = "<group>"; };
		D6F6CDB42B07C23C00E3B54A /* PreviewProvider.swift */ = {isa = PBXFileReference; lastKnownFileType = sourcecode.swift; path = PreviewProvider.swift; sourceTree = "<group>"; };
		D6F6CDB62B07D09200E3B54A /* Double.swift */ = {isa = PBXFileReference; lastKnownFileType = sourcecode.swift; path = Double.swift; sourceTree = "<group>"; };
/* End PBXFileReference section */

/* Begin PBXFrameworksBuildPhase section */
		D6F6CD8A2B0770A500E3B54A /* Frameworks */ = {
			isa = PBXFrameworksBuildPhase;
			buildActionMask = 2147483647;
			files = (
			);
			runOnlyForDeploymentPostprocessing = 0;
		};
/* End PBXFrameworksBuildPhase section */

/* Begin PBXGroup section */
		D64CC01B2B186B0F00A75944 /* XMarkButton */ = {
			isa = PBXGroup;
			children = (
				D64CC01C2B186B3500A75944 /* XMarkButton.swift */,
			);
			path = XMarkButton;
			sourceTree = "<group>";
		};
		D652A8D92B128F3E00AF2D1C /* StatisticView */ = {
			isa = PBXGroup;
			children = (
				D652A8DA2B128F5500AF2D1C /* StatisticView.swift */,
			);
			path = StatisticView;
			sourceTree = "<group>";
		};
		D65620A92B0DE0C300ED6C18 /* Utilities */ = {
			isa = PBXGroup;
			children = (
				D65620AA2B0DE11D00ED6C18 /* NetworkingManager.swift */,
				D680B7E62B0F2D3D00E64AAD /* LocalFileManager.swift */,
				D6DDEFF72B1CDB9300080904 /* HapticManager.swift */,
			);
			path = Utilities;
			sourceTree = "<group>";
		};
		D65620AC2B0DEE2500ED6C18 /* CoinImage */ = {
			isa = PBXGroup;
			children = (
				D65620AD2B0DEE4B00ED6C18 /* CoinImageView.swift */,
				D65620B12B0DF38C00ED6C18 /* CoinImageViewModel.swift */,
			);
			path = CoinImage;
			sourceTree = "<group>";
		};
		D66CD36B2B0A9DC40078E8DE /* Services */ = {
			isa = PBXGroup;
			children = (
				D66CD36C2B0A9E080078E8DE /* CoinDataService.swift */,
				D692A4FD2B1DEB8F00FC5AEC /* CoinDetailDataService.swift */,
				D65620AF2B0DF05500ED6C18 /* CoinImageService.swift */,
				D667798A2B1333A800CFB0D2 /* MarketDataService.swift */,
				D6B104122B1C89F50015ED41 /* PortifolioDataService.swift */,
			);
			path = Services;
			sourceTree = "<group>";
		};
		D680B7E82B0F42EC00E64AAD /* SearchBar */ = {
			isa = PBXGroup;
			children = (
				D680B7E92B0F430B00E64AAD /* SearchBarView.swift */,
			);
			path = SearchBar;
			sourceTree = "<group>";
		};
		D68BC5A22B233355003C3D76 /* Settings */ = {
			isa = PBXGroup;
			children = (
				D68BC5A42B2333AE003C3D76 /* ViewModel */,
				D68BC5A32B2333A3003C3D76 /* Views */,
			);
			path = Settings;
			sourceTree = "<group>";
		};
		D68BC5A32B2333A3003C3D76 /* Views */ = {
			isa = PBXGroup;
			children = (
				D68BC5A52B2333E8003C3D76 /* SettingsView.swift */,
			);
			path = Views;
			sourceTree = "<group>";
		};
		D68BC5A42B2333AE003C3D76 /* ViewModel */ = {
			isa = PBXGroup;
			children = (
			);
			path = ViewModel;
			sourceTree = "<group>";
		};
		D692A4F32B1DC2D400FC5AEC /* Details */ = {
			isa = PBXGroup;
			children = (
				D692A4F42B1DC31300FC5AEC /* ViewModel */,
				D692A4F62B1DC32800FC5AEC /* Views */,
			);
			path = Details;
			sourceTree = "<group>";
		};
		D692A4F42B1DC31300FC5AEC /* ViewModel */ = {
			isa = PBXGroup;
			children = (
				D692A4FB2B1DEB0C00FC5AEC /* DetailViewModel.swift */,
			);
			path = ViewModel;
			sourceTree = "<group>";
		};
		D692A4F62B1DC32800FC5AEC /* Views */ = {
			isa = PBXGroup;
			children = (
				D692A4F72B1DC35800FC5AEC /* DetailsView.swift */,
				D68BC59C2B222C46003C3D76 /* ChartView.swift */,
			);
			path = Views;
			sourceTree = "<group>";
		};
		D6A286E42B2835830008B0E1 /* Launch */ = {
			isa = PBXGroup;
			children = (
				D6A286E52B28359B0008B0E1 /* Views */,
			);
			path = Launch;
			sourceTree = "<group>";
		};
		D6A286E52B28359B0008B0E1 /* Views */ = {
			isa = PBXGroup;
			children = (
				D6A286E62B2835DF0008B0E1 /* LaunchScreen.storyboard */,
				D6A286E82B2846450008B0E1 /* LaunchView.swift */,
			);
			path = Views;
			sourceTree = "<group>";
		};
		D6F6CD842B0770A500E3B54A = {
			isa = PBXGroup;
			children = (
				D6F6CD8F2B0770A500E3B54A /* CryptoApp */,
				D6F6CD8E2B0770A500E3B54A /* Products */,
			);
			sourceTree = "<group>";
		};
		D6F6CD8E2B0770A500E3B54A /* Products */ = {
			isa = PBXGroup;
			children = (
				D6F6CD8D2B0770A500E3B54A /* CryptoApp.app */,
			);
			name = Products;
			sourceTree = "<group>";
		};
		D6F6CD8F2B0770A500E3B54A /* CryptoApp */ = {
			isa = PBXGroup;
			children = (
				D6A286E32B2834E00008B0E1 /* Info.plist */,
				D65620A92B0DE0C300ED6C18 /* Utilities */,
				D6F6CD902B0770A500E3B54A /* CryptoAppApp.swift */,
				D6F6CDA02B07930200E3B54A /* Extensions */,
				D66CD36B2B0A9DC40078E8DE /* Services */,
				D6F6CDAF2B07B21100E3B54A /* Models */,
				D6F6CDA32B07977B00E3B54A /* Core */,
				D6F6CD922B0770A500E3B54A /* ContentView.swift */,
				D6F6CD942B0770A700E3B54A /* Assets.xcassets */,
				D6F6CD962B0770A700E3B54A /* Preview Content */,
			);
			path = CryptoApp;
			sourceTree = "<group>";
		};
		D6F6CD962B0770A700E3B54A /* Preview Content */ = {
			isa = PBXGroup;
			children = (
				D6F6CD972B0770A700E3B54A /* Preview Assets.xcassets */,
			);
			path = "Preview Content";
			sourceTree = "<group>";
		};
		D6F6CDA02B07930200E3B54A /* Extensions */ = {
			isa = PBXGroup;
			children = (
				D64CC02A2B18981100A75944 /* GRIDView.swift */,
				D6F6CDA12B07931700E3B54A /* Color.swift */,
				D6F6CDB42B07C23C00E3B54A /* PreviewProvider.swift */,
				D6F6CDB62B07D09200E3B54A /* Double.swift */,
				D652A8D52B12730200AF2D1C /* UIApplication.swift */,
				D68BC59E2B22406E003C3D76 /* Date.swift */,
				D68BC5A02B23143E003C3D76 /* String.swift */,
			);
			path = Extensions;
			sourceTree = "<group>";
		};
		D6F6CDA32B07977B00E3B54A /* Core */ = {
			isa = PBXGroup;
			children = (
				D6A286E42B2835830008B0E1 /* Launch */,
				D6F6CDA42B07978500E3B54A /* Home */,
				D6F6CDA92B07997400E3B54A /* Components */,
				D68BC5A22B233355003C3D76 /* Settings */,
				D692A4F32B1DC2D400FC5AEC /* Details */,
			);
			path = Core;
			sourceTree = "<group>";
		};
		D6F6CDA42B07978500E3B54A /* Home */ = {
			isa = PBXGroup;
			children = (
				D6F6CDA62B07979C00E3B54A /* ViewModels */,
				D6F6CDA52B07979200E3B54A /* Views */,
			);
			path = Home;
			sourceTree = "<group>";
		};
		D6F6CDA52B07979200E3B54A /* Views */ = {
			isa = PBXGroup;
			children = (
				D6F6CDA72B0797BE00E3B54A /* HomeView.swift */,
				D6F6CDB22B07C1CD00E3B54A /* CoinRowView.swift */,
				D64CC0192B18680200A75944 /* PortifolioView.swift */,
			);
			path = Views;
			sourceTree = "<group>";
		};
		D6F6CDA62B07979C00E3B54A /* ViewModels */ = {
			isa = PBXGroup;
			children = (
				D66CD3692B0A96450078E8DE /* HomeViewModel.swift */,
				D652A8DC2B1296D500AF2D1C /* HomeStatisticView.swift */,
			);
			path = ViewModels;
			sourceTree = "<group>";
		};
		D6F6CDA92B07997400E3B54A /* Components */ = {
			isa = PBXGroup;
			children = (
				D64CC01B2B186B0F00A75944 /* XMarkButton */,
				D652A8D92B128F3E00AF2D1C /* StatisticView */,
				D680B7E82B0F42EC00E64AAD /* SearchBar */,
				D65620AC2B0DEE2500ED6C18 /* CoinImage */,
				D6F6CDAA2B07998000E3B54A /* CircleButton */,
				D64CC01E2B186FD100A75944 /* CoinLogoView.swift */,
			);
			path = Components;
			sourceTree = "<group>";
		};
		D6F6CDAA2B07998000E3B54A /* CircleButton */ = {
			isa = PBXGroup;
			children = (
				D6F6CDAB2B07999A00E3B54A /* CircleButtonView.swift */,
				D6F6CDAD2B079F2B00E3B54A /* CircleButtonAnimationView.swift */,
			);
			path = CircleButton;
			sourceTree = "<group>";
		};
		D6F6CDAF2B07B21100E3B54A /* Models */ = {
			isa = PBXGroup;
			children = (
				D6F6CDB02B07B23900E3B54A /* CoinModel.swift */,
				D692A4F92B1DE69500FC5AEC /* CoinDetailModel.swift */,
				D652A8D72B128DEC00AF2D1C /* StatisticModel.swift */,
				D66779882B132F4300CFB0D2 /* MarketDataModel.swift */,
				D6B1040F2B1C894A0015ED41 /* PortifolioContainer.xcdatamodeld */,
			);
			path = Models;
			sourceTree = "<group>";
		};
/* End PBXGroup section */

/* Begin PBXNativeTarget section */
		D6F6CD8C2B0770A500E3B54A /* CryptoApp */ = {
			isa = PBXNativeTarget;
			buildConfigurationList = D6F6CD9B2B0770A700E3B54A /* Build configuration list for PBXNativeTarget "CryptoApp" */;
			buildPhases = (
				D6F6CD892B0770A500E3B54A /* Sources */,
				D6F6CD8A2B0770A500E3B54A /* Frameworks */,
				D6F6CD8B2B0770A500E3B54A /* Resources */,
			);
			buildRules = (
			);
			dependencies = (
			);
			name = CryptoApp;
			productName = CryptoApp;
			productReference = D6F6CD8D2B0770A500E3B54A /* CryptoApp.app */;
			productType = "com.apple.product-type.application";
		};
/* End PBXNativeTarget section */

/* Begin PBXProject section */
		D6F6CD852B0770A500E3B54A /* Project object */ = {
			isa = PBXProject;
			attributes = {
				BuildIndependentTargetsInParallel = 1;
				LastSwiftUpdateCheck = 1500;
				LastUpgradeCheck = 1500;
				TargetAttributes = {
					D6F6CD8C2B0770A500E3B54A = {
						CreatedOnToolsVersion = 15.0;
					};
				};
			};
			buildConfigurationList = D6F6CD882B0770A500E3B54A /* Build configuration list for PBXProject "CryptoApp" */;
			compatibilityVersion = "Xcode 14.0";
			developmentRegion = en;
			hasScannedForEncodings = 0;
			knownRegions = (
				en,
				Base,
			);
			mainGroup = D6F6CD842B0770A500E3B54A;
			productRefGroup = D6F6CD8E2B0770A500E3B54A /* Products */;
			projectDirPath = "";
			projectRoot = "";
			targets = (
				D6F6CD8C2B0770A500E3B54A /* CryptoApp */,
			);
		};
/* End PBXProject section */

/* Begin PBXResourcesBuildPhase section */
		D6F6CD8B2B0770A500E3B54A /* Resources */ = {
			isa = PBXResourcesBuildPhase;
			buildActionMask = 2147483647;
			files = (
				D6A286E72B2835DF0008B0E1 /* LaunchScreen.storyboard in Resources */,
				D6F6CD982B0770A700E3B54A /* Preview Assets.xcassets in Resources */,
				D6F6CD952B0770A700E3B54A /* Assets.xcassets in Resources */,
			);
			runOnlyForDeploymentPostprocessing = 0;
		};
/* End PBXResourcesBuildPhase section */

/* Begin PBXSourcesBuildPhase section */
		D6F6CD892B0770A500E3B54A /* Sources */ = {
			isa = PBXSourcesBuildPhase;
			buildActionMask = 2147483647;
			files = (
				D68BC5A12B23143E003C3D76 /* String.swift in Sources */,
				D6A286E92B2846450008B0E1 /* LaunchView.swift in Sources */,
				D6B104132B1C89F50015ED41 /* PortifolioDataService.swift in Sources */,
				D652A8DD2B1296D500AF2D1C /* HomeStatisticView.swift in Sources */,
				D6B104112B1C894A0015ED41 /* PortifolioContainer.xcdatamodeld in Sources */,
				D652A8D82B128DEC00AF2D1C /* StatisticModel.swift in Sources */,
				D66CD36D2B0A9E080078E8DE /* CoinDataService.swift in Sources */,
				D64CC01D2B186B3500A75944 /* XMarkButton.swift in Sources */,
				D6F6CDB32B07C1CD00E3B54A /* CoinRowView.swift in Sources */,
				D692A4FA2B1DE69500FC5AEC /* CoinDetailModel.swift in Sources */,
				D64CC02B2B18981100A75944 /* GRIDView.swift in Sources */,
				D66CD36A2B0A96450078E8DE /* HomeViewModel.swift in Sources */,
				D6F6CD932B0770A500E3B54A /* ContentView.swift in Sources */,
				D68BC5A62B2333E8003C3D76 /* SettingsView.swift in Sources */,
				D66779892B132F4300CFB0D2 /* MarketDataModel.swift in Sources */,
				D680B7E72B0F2D3D00E64AAD /* LocalFileManager.swift in Sources */,
				D6F6CDA82B0797BE00E3B54A /* HomeView.swift in Sources */,
				D692A4F82B1DC35800FC5AEC /* DetailsView.swift in Sources */,
				D652A8DB2B128F5500AF2D1C /* StatisticView.swift in Sources */,
				D6F6CD912B0770A500E3B54A /* CryptoAppApp.swift in Sources */,
				D692A4FC2B1DEB0C00FC5AEC /* DetailViewModel.swift in Sources */,
				D6F6CDAC2B07999A00E3B54A /* CircleButtonView.swift in Sources */,
				D652A8D62B12730200AF2D1C /* UIApplication.swift in Sources */,
				D6F6CDA22B07931700E3B54A /* Color.swift in Sources */,
				D65620AB2B0DE11D00ED6C18 /* NetworkingManager.swift in Sources */,
				D680B7EA2B0F430B00E64AAD /* SearchBarView.swift in Sources */,
				D68BC59D2B222C46003C3D76 /* ChartView.swift in Sources */,
				D64CC01F2B186FD100A75944 /* CoinLogoView.swift in Sources */,
				D6F6CDAE2B079F2B00E3B54A /* CircleButtonAnimationView.swift in Sources */,
				D667798B2B1333A800CFB0D2 /* MarketDataService.swift in Sources */,
				D692A4FE2B1DEB8F00FC5AEC /* CoinDetailDataService.swift in Sources */,
				D65620AE2B0DEE4B00ED6C18 /* CoinImageView.swift in Sources */,
				D65620B22B0DF38C00ED6C18 /* CoinImageViewModel.swift in Sources */,
				D6F6CDB52B07C23C00E3B54A /* PreviewProvider.swift in Sources */,
				D68BC59F2B22406E003C3D76 /* Date.swift in Sources */,
				D6F6CDB72B07D09200E3B54A /* Double.swift in Sources */,
				D65620B02B0DF05500ED6C18 /* CoinImageService.swift in Sources */,
				D6F6CDB12B07B23900E3B54A /* CoinModel.swift in Sources */,
				D6DDEFF82B1CDB9300080904 /* HapticManager.swift in Sources */,
				D64CC01A2B18680200A75944 /* PortifolioView.swift in Sources */,
			);
			runOnlyForDeploymentPostprocessing = 0;
		};
/* End PBXSourcesBuildPhase section */

/* Begin XCBuildConfiguration section */
		D6F6CD992B0770A700E3B54A /* Debug */ = {
			isa = XCBuildConfiguration;
			buildSettings = {
				ALWAYS_SEARCH_USER_PATHS = NO;
				ASSETCATALOG_COMPILER_GENERATE_SWIFT_ASSET_SYMBOL_EXTENSIONS = YES;
				CLANG_ANALYZER_NONNULL = YES;
				CLANG_ANALYZER_NUMBER_OBJECT_CONVERSION = YES_AGGRESSIVE;
				CLANG_CXX_LANGUAGE_STANDARD = "gnu++20";
				CLANG_ENABLE_MODULES = YES;
				CLANG_ENABLE_OBJC_ARC = YES;
				CLANG_ENABLE_OBJC_WEAK = YES;
				CLANG_WARN_BLOCK_CAPTURE_AUTORELEASING = YES;
				CLANG_WARN_BOOL_CONVERSION = YES;
				CLANG_WARN_COMMA = YES;
				CLANG_WARN_CONSTANT_CONVERSION = YES;
				CLANG_WARN_DEPRECATED_OBJC_IMPLEMENTATIONS = YES;
				CLANG_WARN_DIRECT_OBJC_ISA_USAGE = YES_ERROR;
				CLANG_WARN_DOCUMENTATION_COMMENTS = YES;
				CLANG_WARN_EMPTY_BODY = YES;
				CLANG_WARN_ENUM_CONVERSION = YES;
				CLANG_WARN_INFINITE_RECURSION = YES;
				CLANG_WARN_INT_CONVERSION = YES;
				CLANG_WARN_NON_LITERAL_NULL_CONVERSION = YES;
				CLANG_WARN_OBJC_IMPLICIT_RETAIN_SELF = YES;
				CLANG_WARN_OBJC_LITERAL_CONVERSION = YES;
				CLANG_WARN_OBJC_ROOT_CLASS = YES_ERROR;
				CLANG_WARN_QUOTED_INCLUDE_IN_FRAMEWORK_HEADER = YES;
				CLANG_WARN_RANGE_LOOP_ANALYSIS = YES;
				CLANG_WARN_STRICT_PROTOTYPES = YES;
				CLANG_WARN_SUSPICIOUS_MOVE = YES;
				CLANG_WARN_UNGUARDED_AVAILABILITY = YES_AGGRESSIVE;
				CLANG_WARN_UNREACHABLE_CODE = YES;
				CLANG_WARN__DUPLICATE_METHOD_MATCH = YES;
				COPY_PHASE_STRIP = NO;
				DEBUG_INFORMATION_FORMAT = dwarf;
				ENABLE_STRICT_OBJC_MSGSEND = YES;
				ENABLE_TESTABILITY = YES;
				ENABLE_USER_SCRIPT_SANDBOXING = YES;
				GCC_C_LANGUAGE_STANDARD = gnu17;
				GCC_DYNAMIC_NO_PIC = NO;
				GCC_NO_COMMON_BLOCKS = YES;
				GCC_OPTIMIZATION_LEVEL = 0;
				GCC_PREPROCESSOR_DEFINITIONS = (
					"DEBUG=1",
					"$(inherited)",
				);
				GCC_WARN_64_TO_32_BIT_CONVERSION = YES;
				GCC_WARN_ABOUT_RETURN_TYPE = YES_ERROR;
				GCC_WARN_UNDECLARED_SELECTOR = YES;
				GCC_WARN_UNINITIALIZED_AUTOS = YES_AGGRESSIVE;
				GCC_WARN_UNUSED_FUNCTION = YES;
				GCC_WARN_UNUSED_VARIABLE = YES;
				IPHONEOS_DEPLOYMENT_TARGET = 17.0;
				LOCALIZATION_PREFERS_STRING_CATALOGS = YES;
				MTL_ENABLE_DEBUG_INFO = INCLUDE_SOURCE;
				MTL_FAST_MATH = YES;
				ONLY_ACTIVE_ARCH = YES;
				SDKROOT = iphoneos;
				SWIFT_ACTIVE_COMPILATION_CONDITIONS = "DEBUG $(inherited)";
				SWIFT_OPTIMIZATION_LEVEL = "-Onone";
			};
			name = Debug;
		};
		D6F6CD9A2B0770A700E3B54A /* Release */ = {
			isa = XCBuildConfiguration;
			buildSettings = {
				ALWAYS_SEARCH_USER_PATHS = NO;
				ASSETCATALOG_COMPILER_GENERATE_SWIFT_ASSET_SYMBOL_EXTENSIONS = YES;
				CLANG_ANALYZER_NONNULL = YES;
				CLANG_ANALYZER_NUMBER_OBJECT_CONVERSION = YES_AGGRESSIVE;
				CLANG_CXX_LANGUAGE_STANDARD = "gnu++20";
				CLANG_ENABLE_MODULES = YES;
				CLANG_ENABLE_OBJC_ARC = YES;
				CLANG_ENABLE_OBJC_WEAK = YES;
				CLANG_WARN_BLOCK_CAPTURE_AUTORELEASING = YES;
				CLANG_WARN_BOOL_CONVERSION = YES;
				CLANG_WARN_COMMA = YES;
				CLANG_WARN_CONSTANT_CONVERSION = YES;
				CLANG_WARN_DEPRECATED_OBJC_IMPLEMENTATIONS = YES;
				CLANG_WARN_DIRECT_OBJC_ISA_USAGE = YES_ERROR;
				CLANG_WARN_DOCUMENTATION_COMMENTS = YES;
				CLANG_WARN_EMPTY_BODY = YES;
				CLANG_WARN_ENUM_CONVERSION = YES;
				CLANG_WARN_INFINITE_RECURSION = YES;
				CLANG_WARN_INT_CONVERSION = YES;
				CLANG_WARN_NON_LITERAL_NULL_CONVERSION = YES;
				CLANG_WARN_OBJC_IMPLICIT_RETAIN_SELF = YES;
				CLANG_WARN_OBJC_LITERAL_CONVERSION = YES;
				CLANG_WARN_OBJC_ROOT_CLASS = YES_ERROR;
				CLANG_WARN_QUOTED_INCLUDE_IN_FRAMEWORK_HEADER = YES;
				CLANG_WARN_RANGE_LOOP_ANALYSIS = YES;
				CLANG_WARN_STRICT_PROTOTYPES = YES;
				CLANG_WARN_SUSPICIOUS_MOVE = YES;
				CLANG_WARN_UNGUARDED_AVAILABILITY = YES_AGGRESSIVE;
				CLANG_WARN_UNREACHABLE_CODE = YES;
				CLANG_WARN__DUPLICATE_METHOD_MATCH = YES;
				COPY_PHASE_STRIP = NO;
				DEBUG_INFORMATION_FORMAT = "dwarf-with-dsym";
				ENABLE_NS_ASSERTIONS = NO;
				ENABLE_STRICT_OBJC_MSGSEND = YES;
				ENABLE_USER_SCRIPT_SANDBOXING = YES;
				GCC_C_LANGUAGE_STANDARD = gnu17;
				GCC_NO_COMMON_BLOCKS = YES;
				GCC_WARN_64_TO_32_BIT_CONVERSION = YES;
				GCC_WARN_ABOUT_RETURN_TYPE = YES_ERROR;
				GCC_WARN_UNDECLARED_SELECTOR = YES;
				GCC_WARN_UNINITIALIZED_AUTOS = YES_AGGRESSIVE;
				GCC_WARN_UNUSED_FUNCTION = YES;
				GCC_WARN_UNUSED_VARIABLE = YES;
				IPHONEOS_DEPLOYMENT_TARGET = 17.0;
				LOCALIZATION_PREFERS_STRING_CATALOGS = YES;
				MTL_ENABLE_DEBUG_INFO = NO;
				MTL_FAST_MATH = YES;
				SDKROOT = iphoneos;
				SWIFT_COMPILATION_MODE = wholemodule;
				VALIDATE_PRODUCT = YES;
			};
			name = Release;
		};
		D6F6CD9C2B0770A700E3B54A /* Debug */ = {
			isa = XCBuildConfiguration;
			buildSettings = {
				ASSETCATALOG_COMPILER_APPICON_NAME = AppIcon;
				ASSETCATALOG_COMPILER_GLOBAL_ACCENT_COLOR_NAME = AccentColor;
				CODE_SIGN_STYLE = Automatic;
				CURRENT_PROJECT_VERSION = 1;
				DEVELOPMENT_ASSET_PATHS = "\"CryptoApp/Preview Content\"";
				ENABLE_PREVIEWS = YES;
				GENERATE_INFOPLIST_FILE = YES;
				INFOPLIST_FILE = CryptoApp/Info.plist;
				INFOPLIST_KEY_CFBundleDisplayName = "Crypto Tracker";
				INFOPLIST_KEY_UIApplicationSceneManifest_Generation = YES;
				INFOPLIST_KEY_UIApplicationSupportsIndirectInputEvents = YES;
				INFOPLIST_KEY_UILaunchStoryboardName = LaunchScreen;
				INFOPLIST_KEY_UISupportedInterfaceOrientations_iPad = "UIInterfaceOrientationPortrait UIInterfaceOrientationPortraitUpsideDown UIInterfaceOrientationLandscapeLeft UIInterfaceOrientationLandscapeRight";
				INFOPLIST_KEY_UISupportedInterfaceOrientations_iPhone = "UIInterfaceOrientationPortrait UIInterfaceOrientationLandscapeLeft UIInterfaceOrientationLandscapeRight";
				LD_RUNPATH_SEARCH_PATHS = (
					"$(inherited)",
					"@executable_path/Frameworks",
				);
				MARKETING_VERSION = 1.0;
				PRODUCT_BUNDLE_IDENTIFIER = GoncalvesHigino.CryptoApp;
				PRODUCT_NAME = "$(TARGET_NAME)";
				SWIFT_EMIT_LOC_STRINGS = YES;
				SWIFT_VERSION = 5.0;
				TARGETED_DEVICE_FAMILY = "1,2";
			};
			name = Debug;
		};
		D6F6CD9D2B0770A700E3B54A /* Release */ = {
			isa = XCBuildConfiguration;
			buildSettings = {
				ASSETCATALOG_COMPILER_APPICON_NAME = AppIcon;
				ASSETCATALOG_COMPILER_GLOBAL_ACCENT_COLOR_NAME = AccentColor;
				CODE_SIGN_STYLE = Automatic;
				CURRENT_PROJECT_VERSION = 1;
				DEVELOPMENT_ASSET_PATHS = "\"CryptoApp/Preview Content\"";
				ENABLE_PREVIEWS = YES;
				GENERATE_INFOPLIST_FILE = YES;
				INFOPLIST_FILE = CryptoApp/Info.plist;
				INFOPLIST_KEY_CFBundleDisplayName = "Crypto Tracker";
				INFOPLIST_KEY_UIApplicationSceneManifest_Generation = YES;
				INFOPLIST_KEY_UIApplicationSupportsIndirectInputEvents = YES;
				INFOPLIST_KEY_UILaunchStoryboardName = LaunchScreen;
				INFOPLIST_KEY_UISupportedInterfaceOrientations_iPad = "UIInterfaceOrientationPortrait UIInterfaceOrientationPortraitUpsideDown UIInterfaceOrientationLandscapeLeft UIInterfaceOrientationLandscapeRight";
				INFOPLIST_KEY_UISupportedInterfaceOrientations_iPhone = "UIInterfaceOrientationPortrait UIInterfaceOrientationLandscapeLeft UIInterfaceOrientationLandscapeRight";
				LD_RUNPATH_SEARCH_PATHS = (
					"$(inherited)",
					"@executable_path/Frameworks",
				);
				MARKETING_VERSION = 1.0;
				PRODUCT_BUNDLE_IDENTIFIER = GoncalvesHigino.CryptoApp;
				PRODUCT_NAME = "$(TARGET_NAME)";
				SWIFT_EMIT_LOC_STRINGS = YES;
				SWIFT_VERSION = 5.0;
				TARGETED_DEVICE_FAMILY = "1,2";
			};
			name = Release;
		};
/* End XCBuildConfiguration section */

/* Begin XCConfigurationList section */
		D6F6CD882B0770A500E3B54A /* Build configuration list for PBXProject "CryptoApp" */ = {
			isa = XCConfigurationList;
			buildConfigurations = (
				D6F6CD992B0770A700E3B54A /* Debug */,
				D6F6CD9A2B0770A700E3B54A /* Release */,
			);
			defaultConfigurationIsVisible = 0;
			defaultConfigurationName = Release;
		};
		D6F6CD9B2B0770A700E3B54A /* Build configuration list for PBXNativeTarget "CryptoApp" */ = {
			isa = XCConfigurationList;
			buildConfigurations = (
				D6F6CD9C2B0770A700E3B54A /* Debug */,
				D6F6CD9D2B0770A700E3B54A /* Release */,
			);
			defaultConfigurationIsVisible = 0;
			defaultConfigurationName = Release;
		};
/* End XCConfigurationList section */

/* Begin XCVersionGroup section */
		D6B1040F2B1C894A0015ED41 /* PortifolioContainer.xcdatamodeld */ = {
			isa = XCVersionGroup;
			children = (
				D6B104102B1C894A0015ED41 /* PortifolioContainer.xcdatamodel */,
			);
			currentVersion = D6B104102B1C894A0015ED41 /* PortifolioContainer.xcdatamodel */;
			path = PortifolioContainer.xcdatamodeld;
			sourceTree = "<group>";
			versionGroupType = wrapper.xcdatamodel;
		};
/* End XCVersionGroup section */
	};
	rootObject = D6F6CD852B0770A500E3B54A /* Project object */;
}
