// !$*UTF8*$!
{
	archiveVersion = 1;
	classes = {
	};
	objectVersion = 56;
	objects = {

/* Begin PBXBuildFile section */
		D6F6CD912B0770A500E3B54A /* CryptoAppApp.swift in Sources */ = {isa = PBXBuildFile; fileRef = D6F6CD902B0770A500E3B54A /* CryptoAppApp.swift */; };
		D6F6CD932B0770A500E3B54A /* ContentView.swift in Sources */ = {isa = PBXBuildFile; fileRef = D6F6CD922B0770A500E3B54A /* ContentView.swift */; };
		D6F6CD952B0770A700E3B54A /* Assets.xcassets in Resources */ = {isa = PBXBuildFile; fileRef = D6F6CD942B0770A700E3B54A /* Assets.xcassets */; };
		D6F6CD982B0770A700E3B54A /* Preview Assets.xcassets in Resources */ = {isa = PBXBuildFile; fileRef = D6F6CD972B0770A700E3B54A /* Preview Assets.xcassets */; };
		D6F6CDA22B07931700E3B54A /* Color.swift in Sources */ = {isa = PBXBuildFile; fileRef = D6F6CDA12B07931700E3B54A /* Color.swift */; };
		D6F6CDA82B0797BE00E3B54A /* HomeView.swift in Sources */ = {isa = PBXBuildFile; fileRef = D6F6CDA72B0797BE00E3B54A /* HomeView.swift */; };
		D6F6CDAC2B07999A00E3B54A /* CircleButtonView.swift in Sources */ = {isa = PBXBuildFile; fileRef = D6F6CDAB2B07999A00E3B54A /* CircleButtonView.swift */; };
		D6F6CDAE2B079F2B00E3B54A /* CircleButtonAnimationView.swift in Sources */ = {isa = PBXBuildFile; fileRef = D6F6CDAD2B079F2B00E3B54A /* CircleButtonAnimationView.swift */; };
		D6F6CDB12B07B23900E3B54A /* CoinModel.swift in Sources */ = {isa = PBXBuildFile; fileRef = D6F6CDB02B07B23900E3B54A /* CoinModel.swift */; };
/* End PBXBuildFile section */

/* Begin PBXFileReference section */
		D6F6CD8D2B0770A500E3B54A /* CryptoApp.app */ = {isa = PBXFileReference; explicitFileType = wrapper.application; includeInIndex = 0; path = CryptoApp.app; sourceTree = BUILT_PRODUCTS_DIR; };
		D6F6CD902B0770A500E3B54A /* CryptoAppApp.swift */ = {isa = PBXFileReference; lastKnownFileType = sourcecode.swift; path = CryptoAppApp.swift; sourceTree = "<group>"; };
		D6F6CD922B0770A500E3B54A /* ContentView.swift */ = {isa = PBXFileReference; lastKnownFileType = sourcecode.swift; path = ContentView.swift; sourceTree = "<group>"; };
		D6F6CD942B0770A700E3B54A /* Assets.xcassets */ = {isa = PBXFileReference; lastKnownFileType = folder.assetcatalog; path = Assets.xcassets; sourceTree = "<group>"; };
		D6F6CD972B0770A700E3B54A /* Preview Assets.xcassets */ = {isa = PBXFileReference; lastKnownFileType = folder.assetcatalog; path = "Preview Assets.xcassets"; sourceTree = "<group>"; };
		D6F6CDA12B07931700E3B54A /* Color.swift */ = {isa = PBXFileReference; lastKnownFileType = sourcecode.swift; path = Color.swift; sourceTree = "<group>"; };
		D6F6CDA72B0797BE00E3B54A /* HomeView.swift */ = {isa = PBXFileReference; lastKnownFileType = sourcecode.swift; path = HomeView.swift; sourceTree = "<group>"; };
		D6F6CDAB2B07999A00E3B54A /* CircleButtonView.swift */ = {isa = PBXFileReference; lastKnownFileType = sourcecode.swift; path = CircleButtonView.swift; sourceTree = "<group>"; };
		D6F6CDAD2B079F2B00E3B54A /* CircleButtonAnimationView.swift */ = {isa = PBXFileReference; lastKnownFileType = sourcecode.swift; path = CircleButtonAnimationView.swift; sourceTree = "<group>"; };
		D6F6CDB02B07B23900E3B54A /* CoinModel.swift */ = {isa = PBXFileReference; lastKnownFileType = sourcecode.swift; path = CoinModel.swift; sourceTree = "<group>"; };
/* End PBXFileReference section */

/* Begin PBXFrameworksBuildPhase section */
		D6F6CD8A2B0770A500E3B54A /* Frameworks */ = {
			isa = PBXFrameworksBuildPhase;
			buildActionMask = 2147483647;
			files = (
			);
			runOnlyForDeploymentPostprocessing = 0;
		};
/* End PBXFrameworksBuildPhase section */

/* Begin PBXGroup section */
		D6F6CD842B0770A500E3B54A = {
			isa = PBXGroup;
			children = (
				D6F6CD8F2B0770A500E3B54A /* CryptoApp */,
				D6F6CD8E2B0770A500E3B54A /* Products */,
			);
			sourceTree = "<group>";
		};
		D6F6CD8E2B0770A500E3B54A /* Products */ = {
			isa = PBXGroup;
			children = (
				D6F6CD8D2B0770A500E3B54A /* CryptoApp.app */,
			);
			name = Products;
			sourceTree = "<group>";
		};
		D6F6CD8F2B0770A500E3B54A /* CryptoApp */ = {
			isa = PBXGroup;
			children = (
				D6F6CD902B0770A500E3B54A /* CryptoAppApp.swift */,
				D6F6CDAF2B07B21100E3B54A /* Models */,
				D6F6CDA32B07977B00E3B54A /* Core */,
				D6F6CDA02B07930200E3B54A /* Extensions */,
				D6F6CD922B0770A500E3B54A /* ContentView.swift */,
				D6F6CD942B0770A700E3B54A /* Assets.xcassets */,
				D6F6CD962B0770A700E3B54A /* Preview Content */,
			);
			path = CryptoApp;
			sourceTree = "<group>";
		};
		D6F6CD962B0770A700E3B54A /* Preview Content */ = {
			isa = PBXGroup;
			children = (
				D6F6CD972B0770A700E3B54A /* Preview Assets.xcassets */,
			);
			path = "Preview Content";
			sourceTree = "<group>";
		};
		D6F6CDA02B07930200E3B54A /* Extensions */ = {
			isa = PBXGroup;
			children = (
				D6F6CDA12B07931700E3B54A /* Color.swift */,
			);
			path = Extensions;
			sourceTree = "<group>";
		};
		D6F6CDA32B07977B00E3B54A /* Core */ = {
			isa = PBXGroup;
			children = (
				D6F6CDA92B07997400E3B54A /* Components */,
				D6F6CDA42B07978500E3B54A /* Home */,
			);
			path = Core;
			sourceTree = "<group>";
		};
		D6F6CDA42B07978500E3B54A /* Home */ = {
			isa = PBXGroup;
			children = (
				D6F6CDA62B07979C00E3B54A /* ViewModels */,
				D6F6CDA52B07979200E3B54A /* Views */,
			);
			path = Home;
			sourceTree = "<group>";
		};
		D6F6CDA52B07979200E3B54A /* Views */ = {
			isa = PBXGroup;
			children = (
				D6F6CDA72B0797BE00E3B54A /* HomeView.swift */,
			);
			path = Views;
			sourceTree = "<group>";
		};
		D6F6CDA62B07979C00E3B54A /* ViewModels */ = {
			isa = PBXGroup;
			children = (
			);
			path = ViewModels;
			sourceTree = "<group>";
		};
		D6F6CDA92B07997400E3B54A /* Components */ = {
			isa = PBXGroup;
			children = (
				D6F6CDAA2B07998000E3B54A /* CircleButton */,
			);
			path = Components;
			sourceTree = "<group>";
		};
		D6F6CDAA2B07998000E3B54A /* CircleButton */ = {
			isa = PBXGroup;
			children = (
				D6F6CDAB2B07999A00E3B54A /* CircleButtonView.swift */,
				D6F6CDAD2B079F2B00E3B54A /* CircleButtonAnimationView.swift */,
			);
			path = CircleButton;
			sourceTree = "<group>";
		};
		D6F6CDAF2B07B21100E3B54A /* Models */ = {
			isa = PBXGroup;
			children = (
				D6F6CDB02B07B23900E3B54A /* CoinModel.swift */,
			);
			path = Models;
			sourceTree = "<group>";
		};
/* End PBXGroup section */

/* Begin PBXNativeTarget section */
		D6F6CD8C2B0770A500E3B54A /* CryptoApp */ = {
			isa = PBXNativeTarget;
			buildConfigurationList = D6F6CD9B2B0770A700E3B54A /* Build configuration list for PBXNativeTarget "CryptoApp" */;
			buildPhases = (
				D6F6CD892B0770A500E3B54A /* Sources */,
				D6F6CD8A2B0770A500E3B54A /* Frameworks */,
				D6F6CD8B2B0770A500E3B54A /* Resources */,
			);
			buildRules = (
			);
			dependencies = (
			);
			name = CryptoApp;
			productName = CryptoApp;
			productReference = D6F6CD8D2B0770A500E3B54A /* CryptoApp.app */;
			productType = "com.apple.product-type.application";
		};
/* End PBXNativeTarget section */

/* Begin PBXProject section */
		D6F6CD852B0770A500E3B54A /* Project object */ = {
			isa = PBXProject;
			attributes = {
				BuildIndependentTargetsInParallel = 1;
				LastSwiftUpdateCheck = 1500;
				LastUpgradeCheck = 1500;
				TargetAttributes = {
					D6F6CD8C2B0770A500E3B54A = {
						CreatedOnToolsVersion = 15.0;
					};
				};
			};
			buildConfigurationList = D6F6CD882B0770A500E3B54A /* Build configuration list for PBXProject "CryptoApp" */;
			compatibilityVersion = "Xcode 14.0";
			developmentRegion = en;
			hasScannedForEncodings = 0;
			knownRegions = (
				en,
				Base,
			);
			mainGroup = D6F6CD842B0770A500E3B54A;
			productRefGroup = D6F6CD8E2B0770A500E3B54A /* Products */;
			projectDirPath = "";
			projectRoot = "";
			targets = (
				D6F6CD8C2B0770A500E3B54A /* CryptoApp */,
			);
		};
/* End PBXProject section */

/* Begin PBXResourcesBuildPhase section */
		D6F6CD8B2B0770A500E3B54A /* Resources */ = {
			isa = PBXResourcesBuildPhase;
			buildActionMask = 2147483647;
			files = (
				D6F6CD982B0770A700E3B54A /* Preview Assets.xcassets in Resources */,
				D6F6CD952B0770A700E3B54A /* Assets.xcassets in Resources */,
			);
			runOnlyForDeploymentPostprocessing = 0;
		};
/* End PBXResourcesBuildPhase section */

/* Begin PBXSourcesBuildPhase section */
		D6F6CD892B0770A500E3B54A /* Sources */ = {
			isa = PBXSourcesBuildPhase;
			buildActionMask = 2147483647;
			files = (
				D6F6CD932B0770A500E3B54A /* ContentView.swift in Sources */,
				D6F6CDA82B0797BE00E3B54A /* HomeView.swift in Sources */,
				D6F6CD912B0770A500E3B54A /* CryptoAppApp.swift in Sources */,
				D6F6CDAC2B07999A00E3B54A /* CircleButtonView.swift in Sources */,
				D6F6CDA22B07931700E3B54A /* Color.swift in Sources */,
				D6F6CDAE2B079F2B00E3B54A /* CircleButtonAnimationView.swift in Sources */,
				D6F6CDB12B07B23900E3B54A /* CoinModel.swift in Sources */,
			);
			runOnlyForDeploymentPostprocessing = 0;
		};
/* End PBXSourcesBuildPhase section */

/* Begin XCBuildConfiguration section */
		D6F6CD992B0770A700E3B54A /* Debug */ = {
			isa = XCBuildConfiguration;
			buildSettings = {
				ALWAYS_SEARCH_USER_PATHS = NO;
				ASSETCATALOG_COMPILER_GENERATE_SWIFT_ASSET_SYMBOL_EXTENSIONS = YES;
				CLANG_ANALYZER_NONNULL = YES;
				CLANG_ANALYZER_NUMBER_OBJECT_CONVERSION = YES_AGGRESSIVE;
				CLANG_CXX_LANGUAGE_STANDARD = "gnu++20";
				CLANG_ENABLE_MODULES = YES;
				CLANG_ENABLE_OBJC_ARC = YES;
				CLANG_ENABLE_OBJC_WEAK = YES;
				CLANG_WARN_BLOCK_CAPTURE_AUTORELEASING = YES;
				CLANG_WARN_BOOL_CONVERSION = YES;
				CLANG_WARN_COMMA = YES;
				CLANG_WARN_CONSTANT_CONVERSION = YES;
				CLANG_WARN_DEPRECATED_OBJC_IMPLEMENTATIONS = YES;
				CLANG_WARN_DIRECT_OBJC_ISA_USAGE = YES_ERROR;
				CLANG_WARN_DOCUMENTATION_COMMENTS = YES;
				CLANG_WARN_EMPTY_BODY = YES;
				CLANG_WARN_ENUM_CONVERSION = YES;
				CLANG_WARN_INFINITE_RECURSION = YES;
				CLANG_WARN_INT_CONVERSION = YES;
				CLANG_WARN_NON_LITERAL_NULL_CONVERSION = YES;
				CLANG_WARN_OBJC_IMPLICIT_RETAIN_SELF = YES;
				CLANG_WARN_OBJC_LITERAL_CONVERSION = YES;
				CLANG_WARN_OBJC_ROOT_CLASS = YES_ERROR;
				CLANG_WARN_QUOTED_INCLUDE_IN_FRAMEWORK_HEADER = YES;
				CLANG_WARN_RANGE_LOOP_ANALYSIS = YES;
				CLANG_WARN_STRICT_PROTOTYPES = YES;
				CLANG_WARN_SUSPICIOUS_MOVE = YES;
				CLANG_WARN_UNGUARDED_AVAILABILITY = YES_AGGRESSIVE;
				CLANG_WARN_UNREACHABLE_CODE = YES;
				CLANG_WARN__DUPLICATE_METHOD_MATCH = YES;
				COPY_PHASE_STRIP = NO;
				DEBUG_INFORMATION_FORMAT = dwarf;
				ENABLE_STRICT_OBJC_MSGSEND = YES;
				ENABLE_TESTABILITY = YES;
				ENABLE_USER_SCRIPT_SANDBOXING = YES;
				GCC_C_LANGUAGE_STANDARD = gnu17;
				GCC_DYNAMIC_NO_PIC = NO;
				GCC_NO_COMMON_BLOCKS = YES;
				GCC_OPTIMIZATION_LEVEL = 0;
				GCC_PREPROCESSOR_DEFINITIONS = (
					"DEBUG=1",
					"$(inherited)",
				);
				GCC_WARN_64_TO_32_BIT_CONVERSION = YES;
				GCC_WARN_ABOUT_RETURN_TYPE = YES_ERROR;
				GCC_WARN_UNDECLARED_SELECTOR = YES;
				GCC_WARN_UNINITIALIZED_AUTOS = YES_AGGRESSIVE;
				GCC_WARN_UNUSED_FUNCTION = YES;
				GCC_WARN_UNUSED_VARIABLE = YES;
				IPHONEOS_DEPLOYMENT_TARGET = 17.0;
				LOCALIZATION_PREFERS_STRING_CATALOGS = YES;
				MTL_ENABLE_DEBUG_INFO = INCLUDE_SOURCE;
				MTL_FAST_MATH = YES;
				ONLY_ACTIVE_ARCH = YES;
				SDKROOT = iphoneos;
				SWIFT_ACTIVE_COMPILATION_CONDITIONS = "DEBUG $(inherited)";
				SWIFT_OPTIMIZATION_LEVEL = "-Onone";
			};
			name = Debug;
		};
		D6F6CD9A2B0770A700E3B54A /* Release */ = {
			isa = XCBuildConfiguration;
			buildSettings = {
				ALWAYS_SEARCH_USER_PATHS = NO;
				ASSETCATALOG_COMPILER_GENERATE_SWIFT_ASSET_SYMBOL_EXTENSIONS = YES;
				CLANG_ANALYZER_NONNULL = YES;
				CLANG_ANALYZER_NUMBER_OBJECT_CONVERSION = YES_AGGRESSIVE;
				CLANG_CXX_LANGUAGE_STANDARD = "gnu++20";
				CLANG_ENABLE_MODULES = YES;
				CLANG_ENABLE_OBJC_ARC = YES;
				CLANG_ENABLE_OBJC_WEAK = YES;
				CLANG_WARN_BLOCK_CAPTURE_AUTORELEASING = YES;
				CLANG_WARN_BOOL_CONVERSION = YES;
				CLANG_WARN_COMMA = YES;
				CLANG_WARN_CONSTANT_CONVERSION = YES;
				CLANG_WARN_DEPRECATED_OBJC_IMPLEMENTATIONS = YES;
				CLANG_WARN_DIRECT_OBJC_ISA_USAGE = YES_ERROR;
				CLANG_WARN_DOCUMENTATION_COMMENTS = YES;
				CLANG_WARN_EMPTY_BODY = YES;
				CLANG_WARN_ENUM_CONVERSION = YES;
				CLANG_WARN_INFINITE_RECURSION = YES;
				CLANG_WARN_INT_CONVERSION = YES;
				CLANG_WARN_NON_LITERAL_NULL_CONVERSION = YES;
				CLANG_WARN_OBJC_IMPLICIT_RETAIN_SELF = YES;
				CLANG_WARN_OBJC_LITERAL_CONVERSION = YES;
				CLANG_WARN_OBJC_ROOT_CLASS = YES_ERROR;
				CLANG_WARN_QUOTED_INCLUDE_IN_FRAMEWORK_HEADER = YES;
				CLANG_WARN_RANGE_LOOP_ANALYSIS = YES;
				CLANG_WARN_STRICT_PROTOTYPES = YES;
				CLANG_WARN_SUSPICIOUS_MOVE = YES;
				CLANG_WARN_UNGUARDED_AVAILABILITY = YES_AGGRESSIVE;
				CLANG_WARN_UNREACHABLE_CODE = YES;
				CLANG_WARN__DUPLICATE_METHOD_MATCH = YES;
				COPY_PHASE_STRIP = NO;
				DEBUG_INFORMATION_FORMAT = "dwarf-with-dsym";
				ENABLE_NS_ASSERTIONS = NO;
				ENABLE_STRICT_OBJC_MSGSEND = YES;
				ENABLE_USER_SCRIPT_SANDBOXING = YES;
				GCC_C_LANGUAGE_STANDARD = gnu17;
				GCC_NO_COMMON_BLOCKS = YES;
				GCC_WARN_64_TO_32_BIT_CONVERSION = YES;
				GCC_WARN_ABOUT_RETURN_TYPE = YES_ERROR;
				GCC_WARN_UNDECLARED_SELECTOR = YES;
				GCC_WARN_UNINITIALIZED_AUTOS = YES_AGGRESSIVE;
				GCC_WARN_UNUSED_FUNCTION = YES;
				GCC_WARN_UNUSED_VARIABLE = YES;
				IPHONEOS_DEPLOYMENT_TARGET = 17.0;
				LOCALIZATION_PREFERS_STRING_CATALOGS = YES;
				MTL_ENABLE_DEBUG_INFO = NO;
				MTL_FAST_MATH = YES;
				SDKROOT = iphoneos;
				SWIFT_COMPILATION_MODE = wholemodule;
				VALIDATE_PRODUCT = YES;
			};
			name = Release;
		};
		D6F6CD9C2B0770A700E3B54A /* Debug */ = {
			isa = XCBuildConfiguration;
			buildSettings = {
				ASSETCATALOG_COMPILER_APPICON_NAME = AppIcon;
				ASSETCATALOG_COMPILER_GLOBAL_ACCENT_COLOR_NAME = AccentColor;
				CODE_SIGN_STYLE = Automatic;
				CURRENT_PROJECT_VERSION = 1;
				DEVELOPMENT_ASSET_PATHS = "\"CryptoApp/Preview Content\"";
				ENABLE_PREVIEWS = YES;
				GENERATE_INFOPLIST_FILE = YES;
				INFOPLIST_KEY_CFBundleDisplayName = "Crypto Tracker";
				INFOPLIST_KEY_UIApplicationSceneManifest_Generation = YES;
				INFOPLIST_KEY_UIApplicationSupportsIndirectInputEvents = YES;
				INFOPLIST_KEY_UILaunchScreen_Generation = YES;
				INFOPLIST_KEY_UISupportedInterfaceOrientations_iPad = "UIInterfaceOrientationPortrait UIInterfaceOrientationPortraitUpsideDown UIInterfaceOrientationLandscapeLeft UIInterfaceOrientationLandscapeRight";
				INFOPLIST_KEY_UISupportedInterfaceOrientations_iPhone = "UIInterfaceOrientationPortrait UIInterfaceOrientationLandscapeLeft UIInterfaceOrientationLandscapeRight";
				LD_RUNPATH_SEARCH_PATHS = (
					"$(inherited)",
					"@executable_path/Frameworks",
				);
				MARKETING_VERSION = 1.0;
				PRODUCT_BUNDLE_IDENTIFIER = GoncalvesHigino.CryptoApp;
				PRODUCT_NAME = "$(TARGET_NAME)";
				SWIFT_EMIT_LOC_STRINGS = YES;
				SWIFT_VERSION = 5.0;
				TARGETED_DEVICE_FAMILY = "1,2";
			};
			name = Debug;
		};
		D6F6CD9D2B0770A700E3B54A /* Release */ = {
			isa = XCBuildConfiguration;
			buildSettings = {
				ASSETCATALOG_COMPILER_APPICON_NAME = AppIcon;
				ASSETCATALOG_COMPILER_GLOBAL_ACCENT_COLOR_NAME = AccentColor;
				CODE_SIGN_STYLE = Automatic;
				CURRENT_PROJECT_VERSION = 1;
				DEVELOPMENT_ASSET_PATHS = "\"CryptoApp/Preview Content\"";
				ENABLE_PREVIEWS = YES;
				GENERATE_INFOPLIST_FILE = YES;
				INFOPLIST_KEY_CFBundleDisplayName = "Crypto Tracker";
				INFOPLIST_KEY_UIApplicationSceneManifest_Generation = YES;
				INFOPLIST_KEY_UIApplicationSupportsIndirectInputEvents = YES;
				INFOPLIST_KEY_UILaunchScreen_Generation = YES;
				INFOPLIST_KEY_UISupportedInterfaceOrientations_iPad = "UIInterfaceOrientationPortrait UIInterfaceOrientationPortraitUpsideDown UIInterfaceOrientationLandscapeLeft UIInterfaceOrientationLandscapeRight";
				INFOPLIST_KEY_UISupportedInterfaceOrientations_iPhone = "UIInterfaceOrientationPortrait UIInterfaceOrientationLandscapeLeft UIInterfaceOrientationLandscapeRight";
				LD_RUNPATH_SEARCH_PATHS = (
					"$(inherited)",
					"@executable_path/Frameworks",
				);
				MARKETING_VERSION = 1.0;
				PRODUCT_BUNDLE_IDENTIFIER = GoncalvesHigino.CryptoApp;
				PRODUCT_NAME = "$(TARGET_NAME)";
				SWIFT_EMIT_LOC_STRINGS = YES;
				SWIFT_VERSION = 5.0;
				TARGETED_DEVICE_FAMILY = "1,2";
			};
			name = Release;
		};
/* End XCBuildConfiguration section */

/* Begin XCConfigurationList section */
		D6F6CD882B0770A500E3B54A /* Build configuration list for PBXProject "CryptoApp" */ = {
			isa = XCConfigurationList;
			buildConfigurations = (
				D6F6CD992B0770A700E3B54A /* Debug */,
				D6F6CD9A2B0770A700E3B54A /* Release */,
			);
			defaultConfigurationIsVisible = 0;
			defaultConfigurationName = Release;
		};
		D6F6CD9B2B0770A700E3B54A /* Build configuration list for PBXNativeTarget "CryptoApp" */ = {
			isa = XCConfigurationList;
			buildConfigurations = (
				D6F6CD9C2B0770A700E3B54A /* Debug */,
				D6F6CD9D2B0770A700E3B54A /* Release */,
			);
			defaultConfigurationIsVisible = 0;
			defaultConfigurationName = Release;
		};
/* End XCConfigurationList section */
	};
	rootObject = D6F6CD852B0770A500E3B54A /* Project object */;
}
